
Microsoft Visual Studio Solution File, Format Version 12.00
# Visual Studio Version 16
VisualStudioVersion = 16.0.31205.134
MinimumVisualStudioVersion = 10.0.40219.1
Project("{FAE04EC0-301F-11D3-BF4B-00C04F79EFBC}") = "QRcodeAPP", "QRcodeAPP.csproj", "{229EEA43-3EF6-4AB5-BAE6-2B2BE716CEC2}"
EndProject
Global
	GlobalSection(SolutionConfigurationPlatforms) = preSolution
		Debug|Any CPU = Debug|Any CPU
		Release|Any CPU = Release|Any CPU
	EndGlobalSection
	GlobalSection(ProjectConfigurationPlatforms) = postSolution
		{229EEA43-3EF6-4AB5-BAE6-2B2BE716CEC2}.Debug|Any CPU.ActiveCfg = Debug|Any CPU
		{229EEA43-3EF6-4AB5-BAE6-2B2BE716CEC2}.Debug|Any CPU.Build.0 = Debug|Any CPU
		{229EEA43-3EF6-4AB5-BAE6-2B2BE716CEC2}.Release|Any CPU.ActiveCfg = Release|Any CPU
		{229EEA43-3EF6-4AB5-BAE6-2B2BE716CEC2}.Release|Any CPU.Build.0 = Release|Any CPU
	EndGlobalSection
	GlobalSection(SolutionProperties) = preSolution
		HideSolutionNode = FALSE
	EndGlobalSection
	GlobalSection(ExtensibilityGlobals) = postSolution
		SolutionGuid = {025EFDFD-CBBF-4982-BB8B-F6A4956CB551}
	EndGlobalSection
EndGlobal
